<?xml version="1.0" encoding="utf-8"?>
<Project ToolsVersion="4.0" xmlns="http://schemas.microsoft.com/developer/msbuild/2003">
  <ItemGroup>
    <Filter Include="Resource Files">
      <UniqueIdentifier>{67DA6AB6-F800-4c08-8B7A-83BB121AAD01}</UniqueIdentifier>
      <Extensions>rc;ico;cur;bmp;dlg;rc2;rct;bin;rgs;gif;jpg;jpeg;jpe;resx;tiff;tif;png;wav;mfcribbon-ms</Extensions>
    </Filter>
    <Filter Include="src">
      <UniqueIdentifier>{4FC737F1-C7A5-4376-A066-2A32D752A2FF}</UniqueIdentifier>
      <Extensions>cpp;c;cc;cxx;def;odl;idl;hpj;bat;asm;asmx</Extensions>
    </Filter>
    <Filter Include="include">
      <UniqueIdentifier>{93995380-89BD-4b04-88EB-625FBE52EBFB}</UniqueIdentifier>
      <Extensions>h;hh;hpp;hxx;hm;inl;inc;xsd</Extensions>
    </Filter>
    <Filter Include="include\json">
      <UniqueIdentifier>{5d5d5761-974e-4bef-b5f6-a3553220530e}</UniqueIdentifier>
    </Filter>
    <Filter Include="src\json">
      <UniqueIdentifier>{912e4c5f-722d-4d5f-b30d-b7c1685e1486}</UniqueIdentifier>
    </Filter>
  </ItemGroup>
  <ItemGroup>
    <ClInclude Include="include\bool_set.h">
      <Filter>include</Filter>
    </ClInclude>
    <ClInclude Include="include\cli.h">
      <Filter>include</Filter>
    </ClInclude>
    <ClInclude Include="include\event.h">
      <Filter>include</Filter>
    </ClInclude>
    <ClInclude Include="include\ini.h">
      <Filter>include</Filter>
    </ClInclude>
    <ClInclude Include="include\json\jarray.h">
      <Filter>include\json</Filter>
    </ClInclude>
    <ClInclude Include="include\json\jnumber.h">
      <Filter>include\json</Filter>
    </ClInclude>
    <ClInclude Include="include\json\jobject.h">
      <Filter>include\json</Filter>
    </ClInclude>
    <ClInclude Include="include\json\json.h">
      <Filter>include\json</Filter>
    </ClInclude>
    <ClInclude Include="include\json\jvalue.h">
      <Filter>include\json</Filter>
    </ClInclude>
    <ClInclude Include="include\json\jbase.h">
      <Filter>include\json</Filter>
    </ClInclude>
    <ClInclude Include="include\json\json_errors.h">
      <Filter>include\json</Filter>
    </ClInclude>
    <ClInclude Include="safevar.h">
      <Filter>include</Filter>
    </ClInclude>
  </ItemGroup>
  <ItemGroup>
    <ClCompile Include="src\cli.cpp">
      <Filter>src</Filter>
    </ClCompile>
    <ClCompile Include="src\ini.cpp">
      <Filter>src</Filter>
    </ClCompile>
    <ClCompile Include="main.cpp" />
    <ClCompile Include="src\json\jarray.cpp">
      <Filter>src\json</Filter>
    </ClCompile>
    <ClCompile Include="src\json\jnumber.cpp">
      <Filter>src\json</Filter>
    </ClCompile>
    <ClCompile Include="src\json\jobject.cpp">
      <Filter>src\json</Filter>
    </ClCompile>
    <ClCompile Include="src\json\jvalue.cpp">
      <Filter>src\json</Filter>
    </ClCompile>
  </ItemGroup>
</Project>